
Microsoft Visual Studio Solution File, Format Version 12.00
# Visual Studio 15
VisualStudioVersion = 15.0.27703.2018
MinimumVisualStudioVersion = 10.0.40219.1
Project("{2150E333-8FDC-42A3-9474-1A3956D46DE8}") = "RegScoreCalc-Main", "RegScoreCalc-Main", "{D45EC0C4-10B6-429C-A068-40FE0EAE8898}"
EndProject
Project("{2150E333-8FDC-42A3-9474-1A3956D46DE8}") = "ML", "ML", "{69AFF22E-FB75-42CF-AF1D-C7388C83BAF1}"
EndProject
Project("{2150E333-8FDC-42A3-9474-1A3956D46DE8}") = "Dependencies", "Dependencies", "{8A599EB6-4123-4744-9870-D915327C0793}"
	ProjectSection(SolutionItems) = preProject
		Application\Dependencies\FastColoredTextBox.dll = Application\Dependencies\FastColoredTextBox.dll
		Application\Dependencies\Microsoft.Office.Interop.Excel.dll = Application\Dependencies\Microsoft.Office.Interop.Excel.dll
		Application\Dependencies\Newtonsoft.Json.dll = Application\Dependencies\Newtonsoft.Json.dll
	EndProjectSection
EndProject
Project("{2150E333-8FDC-42A3-9474-1A3956D46DE8}") = "DocumentsServices", "DocumentsServices", "{DD7C19B6-B6F3-45F5-9BBD-42E9A27C8D55}"
EndProject
Project("{2150E333-8FDC-42A3-9474-1A3956D46DE8}") = "Notebooks", "Notebooks", "{6BE1D6DB-152C-48ED-A81C-165764D056E4}"
	ProjectSection(SolutionItems) = preProject
		ML\Notebooks\HelloIPython.ipynb = ML\Notebooks\HelloIPython.ipynb
	EndProjectSection
EndProject
Project("{FAE04EC0-301F-11D3-BF4B-00C04F79EFBC}") = "CustomTreeView", "Application\CustomTreeView\CustomTreeView.csproj", "{42841D9A-A1B6-478D-AE91-444CBB339BB4}"
EndProject
Project("{FAE04EC0-301F-11D3-BF4B-00C04F79EFBC}") = "RegScoreCalc", "Application\RegScoreCalc\RegScoreCalc.csproj", "{19DE16B3-8D67-4A78-97DB-ED804881FB30}"
	ProjectSection(ProjectDependencies) = postProject
		{3CD07F1D-39CA-4351-818C-09D237CF667E} = {3CD07F1D-39CA-4351-818C-09D237CF667E}
		{D36CBD27-8779-4B95-A311-81A3AB5BF6B7} = {D36CBD27-8779-4B95-A311-81A3AB5BF6B7}
		{BDB6552C-20CC-4DD7-9253-F953EFFC9D63} = {BDB6552C-20CC-4DD7-9253-F953EFFC9D63}
		{14BD8F35-9E8A-4847-9579-DF4B6C20C9EC} = {14BD8F35-9E8A-4847-9579-DF4B6C20C9EC}
		{1422AA80-6B4B-409A-BA3F-FDA695625BFF} = {1422AA80-6B4B-409A-BA3F-FDA695625BFF}
		{E5CD33BB-555C-4206-9329-B58D24960749} = {E5CD33BB-555C-4206-9329-B58D24960749}
		{F00A9FD0-0335-4E84-97B4-AF01997EBA14} = {F00A9FD0-0335-4E84-97B4-AF01997EBA14}
		{B7B4C3E0-CBD6-45CA-8777-72130935033E} = {B7B4C3E0-CBD6-45CA-8777-72130935033E}
	EndProjectSection
EndProject
Project("{FAE04EC0-301F-11D3-BF4B-00C04F79EFBC}") = "System.Windows.Forms.Ribbon", "Application\Ribbon\System.Windows.Forms.Ribbon.csproj", "{46A18A55-5AE8-49CE-91CD-C7421B642E7E}"
EndProject
Project("{FAE04EC0-301F-11D3-BF4B-00C04F79EFBC}") = "MediTermBrowser", "MediTermBrowser\MediTermBrowser.csproj", "{62109176-CCE6-4718-932D-B9674CAF4D64}"
EndProject
Project("{FAE04EC0-301F-11D3-BF4B-00C04F79EFBC}") = "RegExpMerge", "RegExpMerge\RegExpMerge.csproj", "{9AEC71BF-D012-44DF-AF4E-45885F6E25FE}"
EndProject
Project("{FAE04EC0-301F-11D3-BF4B-00C04F79EFBC}") = "Helpers", "Helpers\Helpers.csproj", "{1422AA80-6B4B-409A-BA3F-FDA695625BFF}"
EndProject
Project("{FAE04EC0-301F-11D3-BF4B-00C04F79EFBC}") = "DRTAccessFileSetup", "DRTAccessFileSetup\DRTAccessFileSetup.csproj", "{7388C1D5-F748-4F45-994A-8C5E59693B89}"
EndProject
Project("{FAE04EC0-301F-11D3-BF4B-00C04F79EFBC}") = "Bootstapper", "Bootstrapper\Bootstapper.csproj", "{D17C86CB-5F1E-40BD-A935-AF7C8D8D5EEF}"
	ProjectSection(ProjectDependencies) = postProject
		{19DE16B3-8D67-4A78-97DB-ED804881FB30} = {19DE16B3-8D67-4A78-97DB-ED804881FB30}
		{7388C1D5-F748-4F45-994A-8C5E59693B89} = {7388C1D5-F748-4F45-994A-8C5E59693B89}
	EndProjectSection
EndProject
Project("{888888A0-9F3D-457C-B088-3A5042F75D52}") = "BinaryClassifier", "ML\BinaryClassifier\BinaryClassifier.pyproj", "{41A22A7F-9A27-4F20-BDA6-A8C81C6F8A3C}"
EndProject
Project("{FAE04EC0-301F-11D3-BF4B-00C04F79EFBC}") = "Plumbing", "ML\Plumbing\Plumbing.csproj", "{D36CBD27-8779-4B95-A311-81A3AB5BF6B7}"
EndProject
Project("{FAE04EC0-301F-11D3-BF4B-00C04F79EFBC}") = "RegExpLib", "Application\RegExpLib\RegExpLib.csproj", "{9DB19225-B645-4CBB-AC98-5FAEE58DB517}"
EndProject
Project("{FAE04EC0-301F-11D3-BF4B-00C04F79EFBC}") = "RegExpProcessor", "Application\RegExpProcessor\RegExpProcessor.csproj", "{E5CD33BB-555C-4206-9329-B58D24960749}"
EndProject
Project("{FAE04EC0-301F-11D3-BF4B-00C04F79EFBC}") = "ExportDocuments", "ExportDocuments\ExportDocuments.csproj", "{BA0E785E-42DB-488A-97A6-B7E294886E00}"
EndProject
Project("{FAE04EC0-301F-11D3-BF4B-00C04F79EFBC}") = "System.Drawing.Html", "Application\System.Drawing.Html\System.Drawing.Html.csproj", "{1B058920-24B4-4140-8AE7-C8C6C38CA52D}"
EndProject
Project("{FAE04EC0-301F-11D3-BF4B-00C04F79EFBC}") = "DocumentsServiceInterfaceLib", "DocumentsServices\DocumentsServiceInterfaceLib\DocumentsServiceInterfaceLib.csproj", "{D5A1DC62-D729-4926-9C05-B60E80D49F55}"
EndProject
Project("{FAE04EC0-301F-11D3-BF4B-00C04F79EFBC}") = "LocalDocumentsServiceLib", "DocumentsServices\LocalDocumentsServiceLib\LocalDocumentsServiceLib.csproj", "{C37507B2-07BE-4E8E-A4F9-88A344CB31CE}"
EndProject
Project("{FAE04EC0-301F-11D3-BF4B-00C04F79EFBC}") = "LocalDocumentsServiceProcess", "DocumentsServices\LocalDocumentsServiceProcess\LocalDocumentsServiceProcess.csproj", "{BDB6552C-20CC-4DD7-9253-F953EFFC9D63}"
EndProject
Project("{FAE04EC0-301F-11D3-BF4B-00C04F79EFBC}") = "LocalDocumentsServiceTypes", "DocumentsServices\LocalDocumentsServiceTypes\LocalDocumentsServiceTypes.csproj", "{3CD07F1D-39CA-4351-818C-09D237CF667E}"
EndProject
Project("{FAE04EC0-301F-11D3-BF4B-00C04F79EFBC}") = "ExternalSort", "ExternalSort\ExternalSort.csproj", "{F00A9FD0-0335-4E84-97B4-AF01997EBA14}"
EndProject
Project("{FAE04EC0-301F-11D3-BF4B-00C04F79EFBC}") = "msManage", "MergeDocument\msManage\msManage.csproj", "{5ABABF7A-86AE-4B72-963A-864022E64DD4}"
EndProject
Project("{2150E333-8FDC-42A3-9474-1A3956D46DE8}") = "MergeFiles", "MergeFiles", "{61F6461C-723E-452E-9C8A-18AE38166E9D}"
EndProject
Project("{FAE04EC0-301F-11D3-BF4B-00C04F79EFBC}") = "WaitWnd", "MergeDocument\WaitWnd\WaitWnd.csproj", "{A36149B7-3811-451B-9097-74A66D255A5B}"
EndProject
Project("{2150E333-8FDC-42A3-9474-1A3956D46DE8}") = "GBA", "GBA", "{B42DCA8E-CC17-4DCA-BBD3-6141CB68B8B9}"
EndProject
Project("{888888A0-9F3D-457C-B088-3A5042F75D52}") = "gba", "GBA\gba\gba.pyproj", "{0CF01168-1633-425C-928A-538875D50293}"
EndProject
Project("{FAE04EC0-301F-11D3-BF4B-00C04F79EFBC}") = "ConvertSqliteToAccess", "GBA\ConvertSqliteToAccess\ConvertSqliteToAccess.csproj", "{2144BBFD-75BF-4D7A-A89C-D9CD1E20FB2A}"
EndProject
Project("{FAE04EC0-301F-11D3-BF4B-00C04F79EFBC}") = "ScriptFunctionLibrary", "Application\ScriptFunctions\ScriptFunctionLibrary.csproj", "{B89F8840-8F78-456C-90E9-7AE6F95D9958}"
EndProject
Project("{2150E333-8FDC-42A3-9474-1A3956D46DE8}") = "word2vec", "word2vec", "{10AF25B3-A394-43F6-B11C-C887C5A7842B}"
EndProject
Project("{FAE04EC0-301F-11D3-BF4B-00C04F79EFBC}") = "PDFToAccess", "PDFToAccess\PDFToAccess.csproj", "{2039342F-9EF2-4F94-B712-75F1E03E5A39}"
EndProject
Project("{888888A0-9F3D-457C-B088-3A5042F75D52}") = "BinaryClassifier35", "ML\BinaryClassifier35\BinaryClassifier35.pyproj", "{7B658565-453F-490A-97B3-C77571619BF2}"
EndProject
Project("{FAE04EC0-301F-11D3-BF4B-00C04F79EFBC}") = "Plumbing2", "ML\Plumbing2\Plumbing2.csproj", "{B7B4C3E0-CBD6-45CA-8777-72130935033E}"
EndProject
Project("{888888A0-9F3D-457C-B088-3A5042F75D52}") = "medaCy", "ML\Entites\medaCy.pyproj", "{30BF3F18-B2B7-4E89-9139-B91D43C8EA21}"
EndProject
Project("{2150E333-8FDC-42A3-9474-1A3956D46DE8}") = "Documentation", "Documentation", "{3FD87AD3-69A9-4EF7-9A82-C463CCF9CBC7}"
	ProjectSection(SolutionItems) = preProject
		Documentation\Configure a python Environment in the cfg file.txt = Documentation\Configure a python Environment in the cfg file.txt
		Documentation\Create Python3.5 Virtual Environment with spacy.txt = Documentation\Create Python3.5 Virtual Environment with spacy.txt
		Documentation\Docker Configuration.txt = Documentation\Docker Configuration.txt
	EndProjectSection
EndProject
Project("{FAE04EC0-301F-11D3-BF4B-00C04F79EFBC}") = "EntitiesPlumbing", "ML\EntitiesPlumbing\EntitiesPlumbing.csproj", "{14BD8F35-9E8A-4847-9579-DF4B6C20C9EC}"
EndProject
Project("{888888A0-9F3D-457C-B088-3A5042F75D52}") = "spaCyEntities", "ML\spaCyEntities\spaCyEntities.pyproj", "{AE462176-8119-47E1-B2E2-FF11BDE7F446}"
EndProject
Project("{FAE04EC0-301F-11D3-BF4B-00C04F79EFBC}") = "ConvertSqliteToAccessFull", "GBA\ConvertSqliteToAccessFull\ConvertSqliteToAccessFull.csproj", "{C58A715B-5C46-4136-B421-DFF6705BC75B}"
EndProject
Global
	GlobalSection(SolutionConfigurationPlatforms) = preSolution
		Debug|Any CPU = Debug|Any CPU
		Debug|x64 = Debug|x64
		Debug|x86 = Debug|x86
		Deploy|Any CPU = Deploy|Any CPU
		Deploy|x64 = Deploy|x64
		Deploy|x86 = Deploy|x86
		Release|Any CPU = Release|Any CPU
		Release|x64 = Release|x64
		Release|x86 = Release|x86
	EndGlobalSection
	GlobalSection(ProjectConfigurationPlatforms) = postSolution
		{42841D9A-A1B6-478D-AE91-444CBB339BB4}.Debug|Any CPU.ActiveCfg = Debug|x86
		{42841D9A-A1B6-478D-AE91-444CBB339BB4}.Debug|Any CPU.Build.0 = Debug|x86
		{42841D9A-A1B6-478D-AE91-444CBB339BB4}.Debug|x64.ActiveCfg = Debug|x64
		{42841D9A-A1B6-478D-AE91-444CBB339BB4}.Debug|x64.Build.0 = Debug|x64
		{42841D9A-A1B6-478D-AE91-444CBB339BB4}.Debug|x86.ActiveCfg = Debug|x86
		{42841D9A-A1B6-478D-AE91-444CBB339BB4}.Debug|x86.Build.0 = Debug|x86
		{42841D9A-A1B6-478D-AE91-444CBB339BB4}.Deploy|Any CPU.ActiveCfg = Debug|x86
		{42841D9A-A1B6-478D-AE91-444CBB339BB4}.Deploy|x64.ActiveCfg = Release|x64
		{42841D9A-A1B6-478D-AE91-444CBB339BB4}.Deploy|x64.Build.0 = Release|x64
		{42841D9A-A1B6-478D-AE91-444CBB339BB4}.Deploy|x86.ActiveCfg = Release|x86
		{42841D9A-A1B6-478D-AE91-444CBB339BB4}.Deploy|x86.Build.0 = Release|x86
		{42841D9A-A1B6-478D-AE91-444CBB339BB4}.Release|Any CPU.ActiveCfg = Release|x86
		{42841D9A-A1B6-478D-AE91-444CBB339BB4}.Release|Any CPU.Build.0 = Release|x86
		{42841D9A-A1B6-478D-AE91-444CBB339BB4}.Release|x64.ActiveCfg = Release|x64
		{42841D9A-A1B6-478D-AE91-444CBB339BB4}.Release|x64.Build.0 = Release|x64
		{42841D9A-A1B6-478D-AE91-444CBB339BB4}.Release|x86.ActiveCfg = Release|x86
		{42841D9A-A1B6-478D-AE91-444CBB339BB4}.Release|x86.Build.0 = Release|x86
		{19DE16B3-8D67-4A78-97DB-ED804881FB30}.Debug|Any CPU.ActiveCfg = Debug|x86
		{19DE16B3-8D67-4A78-97DB-ED804881FB30}.Debug|Any CPU.Build.0 = Debug|x86
		{19DE16B3-8D67-4A78-97DB-ED804881FB30}.Debug|x64.ActiveCfg = Debug|x64
		{19DE16B3-8D67-4A78-97DB-ED804881FB30}.Debug|x64.Build.0 = Debug|x64
		{19DE16B3-8D67-4A78-97DB-ED804881FB30}.Debug|x86.ActiveCfg = Debug|x86
		{19DE16B3-8D67-4A78-97DB-ED804881FB30}.Debug|x86.Build.0 = Debug|x86
		{19DE16B3-8D67-4A78-97DB-ED804881FB30}.Deploy|Any CPU.ActiveCfg = Debug|x86
		{19DE16B3-8D67-4A78-97DB-ED804881FB30}.Deploy|x64.ActiveCfg = Release|x64
		{19DE16B3-8D67-4A78-97DB-ED804881FB30}.Deploy|x64.Build.0 = Release|x64
		{19DE16B3-8D67-4A78-97DB-ED804881FB30}.Deploy|x86.ActiveCfg = Release|x86
		{19DE16B3-8D67-4A78-97DB-ED804881FB30}.Deploy|x86.Build.0 = Release|x86
		{19DE16B3-8D67-4A78-97DB-ED804881FB30}.Release|Any CPU.ActiveCfg = Release|x86
		{19DE16B3-8D67-4A78-97DB-ED804881FB30}.Release|Any CPU.Build.0 = Release|x86
		{19DE16B3-8D67-4A78-97DB-ED804881FB30}.Release|x64.ActiveCfg = Release|x64
		{19DE16B3-8D67-4A78-97DB-ED804881FB30}.Release|x64.Build.0 = Release|x64
		{19DE16B3-8D67-4A78-97DB-ED804881FB30}.Release|x86.ActiveCfg = Release|x86
		{19DE16B3-8D67-4A78-97DB-ED804881FB30}.Release|x86.Build.0 = Release|x86
		{46A18A55-5AE8-49CE-91CD-C7421B642E7E}.Debug|Any CPU.ActiveCfg = Debug|x86
		{46A18A55-5AE8-49CE-91CD-C7421B642E7E}.Debug|Any CPU.Build.0 = Debug|x86
		{46A18A55-5AE8-49CE-91CD-C7421B642E7E}.Debug|x64.ActiveCfg = Debug|x64
		{46A18A55-5AE8-49CE-91CD-C7421B642E7E}.Debug|x64.Build.0 = Debug|x64
		{46A18A55-5AE8-49CE-91CD-C7421B642E7E}.Debug|x86.ActiveCfg = Debug|x86
		{46A18A55-5AE8-49CE-91CD-C7421B642E7E}.Debug|x86.Build.0 = Debug|x86
		{46A18A55-5AE8-49CE-91CD-C7421B642E7E}.Deploy|Any CPU.ActiveCfg = Debug|x86
		{46A18A55-5AE8-49CE-91CD-C7421B642E7E}.Deploy|x64.ActiveCfg = Release|x64
		{46A18A55-5AE8-49CE-91CD-C7421B642E7E}.Deploy|x64.Build.0 = Release|x64
		{46A18A55-5AE8-49CE-91CD-C7421B642E7E}.Deploy|x86.ActiveCfg = Release|x86
		{46A18A55-5AE8-49CE-91CD-C7421B642E7E}.Deploy|x86.Build.0 = Release|x86
		{46A18A55-5AE8-49CE-91CD-C7421B642E7E}.Release|Any CPU.ActiveCfg = Release|x86
		{46A18A55-5AE8-49CE-91CD-C7421B642E7E}.Release|Any CPU.Build.0 = Release|x86
		{46A18A55-5AE8-49CE-91CD-C7421B642E7E}.Release|x64.ActiveCfg = Release|x64
		{46A18A55-5AE8-49CE-91CD-C7421B642E7E}.Release|x64.Build.0 = Release|x64
		{46A18A55-5AE8-49CE-91CD-C7421B642E7E}.Release|x86.ActiveCfg = Release|x86
		{46A18A55-5AE8-49CE-91CD-C7421B642E7E}.Release|x86.Build.0 = Release|x86
		{62109176-CCE6-4718-932D-B9674CAF4D64}.Debug|Any CPU.ActiveCfg = Debug|x86
		{62109176-CCE6-4718-932D-B9674CAF4D64}.Debug|Any CPU.Build.0 = Debug|x86
		{62109176-CCE6-4718-932D-B9674CAF4D64}.Debug|x64.ActiveCfg = Debug|x64
		{62109176-CCE6-4718-932D-B9674CAF4D64}.Debug|x64.Build.0 = Debug|x64
		{62109176-CCE6-4718-932D-B9674CAF4D64}.Debug|x86.ActiveCfg = Debug|x86
		{62109176-CCE6-4718-932D-B9674CAF4D64}.Debug|x86.Build.0 = Debug|x86
		{62109176-CCE6-4718-932D-B9674CAF4D64}.Deploy|Any CPU.ActiveCfg = Debug|x86
		{62109176-CCE6-4718-932D-B9674CAF4D64}.Deploy|x64.ActiveCfg = Release|x64
		{62109176-CCE6-4718-932D-B9674CAF4D64}.Deploy|x64.Build.0 = Release|x64
		{62109176-CCE6-4718-932D-B9674CAF4D64}.Deploy|x86.ActiveCfg = Release|x86
		{62109176-CCE6-4718-932D-B9674CAF4D64}.Deploy|x86.Build.0 = Release|x86
		{62109176-CCE6-4718-932D-B9674CAF4D64}.Release|Any CPU.ActiveCfg = Release|x86
		{62109176-CCE6-4718-932D-B9674CAF4D64}.Release|Any CPU.Build.0 = Release|x86
		{62109176-CCE6-4718-932D-B9674CAF4D64}.Release|x64.ActiveCfg = Release|x64
		{62109176-CCE6-4718-932D-B9674CAF4D64}.Release|x64.Build.0 = Release|x64
		{62109176-CCE6-4718-932D-B9674CAF4D64}.Release|x86.ActiveCfg = Release|x86
		{62109176-CCE6-4718-932D-B9674CAF4D64}.Release|x86.Build.0 = Release|x86
		{9AEC71BF-D012-44DF-AF4E-45885F6E25FE}.Debug|Any CPU.ActiveCfg = Debug|x86
		{9AEC71BF-D012-44DF-AF4E-45885F6E25FE}.Debug|Any CPU.Build.0 = Debug|x86
		{9AEC71BF-D012-44DF-AF4E-45885F6E25FE}.Debug|x64.ActiveCfg = Debug|x64
		{9AEC71BF-D012-44DF-AF4E-45885F6E25FE}.Debug|x64.Build.0 = Debug|x64
		{9AEC71BF-D012-44DF-AF4E-45885F6E25FE}.Debug|x86.ActiveCfg = Debug|x86
		{9AEC71BF-D012-44DF-AF4E-45885F6E25FE}.Debug|x86.Build.0 = Debug|x86
		{9AEC71BF-D012-44DF-AF4E-45885F6E25FE}.Deploy|Any CPU.ActiveCfg = Debug|x86
		{9AEC71BF-D012-44DF-AF4E-45885F6E25FE}.Deploy|x64.ActiveCfg = Release|x64
		{9AEC71BF-D012-44DF-AF4E-45885F6E25FE}.Deploy|x64.Build.0 = Release|x64
		{9AEC71BF-D012-44DF-AF4E-45885F6E25FE}.Deploy|x86.ActiveCfg = Release|x86
		{9AEC71BF-D012-44DF-AF4E-45885F6E25FE}.Deploy|x86.Build.0 = Release|x86
		{9AEC71BF-D012-44DF-AF4E-45885F6E25FE}.Release|Any CPU.ActiveCfg = Release|x86
		{9AEC71BF-D012-44DF-AF4E-45885F6E25FE}.Release|Any CPU.Build.0 = Release|x86
		{9AEC71BF-D012-44DF-AF4E-45885F6E25FE}.Release|x64.ActiveCfg = Release|x64
		{9AEC71BF-D012-44DF-AF4E-45885F6E25FE}.Release|x64.Build.0 = Release|x64
		{9AEC71BF-D012-44DF-AF4E-45885F6E25FE}.Release|x86.ActiveCfg = Release|x86
		{9AEC71BF-D012-44DF-AF4E-45885F6E25FE}.Release|x86.Build.0 = Release|x86
		{1422AA80-6B4B-409A-BA3F-FDA695625BFF}.Debug|Any CPU.ActiveCfg = Debug|x86
		{1422AA80-6B4B-409A-BA3F-FDA695625BFF}.Debug|Any CPU.Build.0 = Debug|x86
		{1422AA80-6B4B-409A-BA3F-FDA695625BFF}.Debug|x64.ActiveCfg = Debug|x64
		{1422AA80-6B4B-409A-BA3F-FDA695625BFF}.Debug|x64.Build.0 = Debug|x64
		{1422AA80-6B4B-409A-BA3F-FDA695625BFF}.Debug|x86.ActiveCfg = Debug|x86
		{1422AA80-6B4B-409A-BA3F-FDA695625BFF}.Debug|x86.Build.0 = Debug|x86
		{1422AA80-6B4B-409A-BA3F-FDA695625BFF}.Deploy|Any CPU.ActiveCfg = Debug|x86
		{1422AA80-6B4B-409A-BA3F-FDA695625BFF}.Deploy|x64.ActiveCfg = Release|x64
		{1422AA80-6B4B-409A-BA3F-FDA695625BFF}.Deploy|x64.Build.0 = Release|x64
		{1422AA80-6B4B-409A-BA3F-FDA695625BFF}.Deploy|x86.ActiveCfg = Release|x86
		{1422AA80-6B4B-409A-BA3F-FDA695625BFF}.Deploy|x86.Build.0 = Release|x86
		{1422AA80-6B4B-409A-BA3F-FDA695625BFF}.Release|Any CPU.ActiveCfg = Release|x86
		{1422AA80-6B4B-409A-BA3F-FDA695625BFF}.Release|Any CPU.Build.0 = Release|x86
		{1422AA80-6B4B-409A-BA3F-FDA695625BFF}.Release|x64.ActiveCfg = Release|x64
		{1422AA80-6B4B-409A-BA3F-FDA695625BFF}.Release|x64.Build.0 = Release|x64
		{1422AA80-6B4B-409A-BA3F-FDA695625BFF}.Release|x86.ActiveCfg = Release|x86
		{1422AA80-6B4B-409A-BA3F-FDA695625BFF}.Release|x86.Build.0 = Release|x86
		{7388C1D5-F748-4F45-994A-8C5E59693B89}.Debug|Any CPU.ActiveCfg = Debug|x86
		{7388C1D5-F748-4F45-994A-8C5E59693B89}.Debug|Any CPU.Build.0 = Debug|x86
		{7388C1D5-F748-4F45-994A-8C5E59693B89}.Debug|x64.ActiveCfg = Debug|x64
		{7388C1D5-F748-4F45-994A-8C5E59693B89}.Debug|x64.Build.0 = Debug|x64
		{7388C1D5-F748-4F45-994A-8C5E59693B89}.Debug|x86.ActiveCfg = Debug|x86
		{7388C1D5-F748-4F45-994A-8C5E59693B89}.Debug|x86.Build.0 = Debug|x86
		{7388C1D5-F748-4F45-994A-8C5E59693B89}.Deploy|Any CPU.ActiveCfg = Debug|x86
		{7388C1D5-F748-4F45-994A-8C5E59693B89}.Deploy|x64.ActiveCfg = Release|x64
		{7388C1D5-F748-4F45-994A-8C5E59693B89}.Deploy|x64.Build.0 = Release|x64
		{7388C1D5-F748-4F45-994A-8C5E59693B89}.Deploy|x86.ActiveCfg = Release|x86
		{7388C1D5-F748-4F45-994A-8C5E59693B89}.Deploy|x86.Build.0 = Release|x86
		{7388C1D5-F748-4F45-994A-8C5E59693B89}.Release|Any CPU.ActiveCfg = Release|x86
		{7388C1D5-F748-4F45-994A-8C5E59693B89}.Release|Any CPU.Build.0 = Release|x86
		{7388C1D5-F748-4F45-994A-8C5E59693B89}.Release|x64.ActiveCfg = Release|x64
		{7388C1D5-F748-4F45-994A-8C5E59693B89}.Release|x64.Build.0 = Release|x64
		{7388C1D5-F748-4F45-994A-8C5E59693B89}.Release|x86.ActiveCfg = Release|x86
		{7388C1D5-F748-4F45-994A-8C5E59693B89}.Release|x86.Build.0 = Release|x86
		{D17C86CB-5F1E-40BD-A935-AF7C8D8D5EEF}.Debug|Any CPU.ActiveCfg = Debug|x86
		{D17C86CB-5F1E-40BD-A935-AF7C8D8D5EEF}.Debug|Any CPU.Build.0 = Debug|x86
		{D17C86CB-5F1E-40BD-A935-AF7C8D8D5EEF}.Debug|x64.ActiveCfg = Debug|x64
		{D17C86CB-5F1E-40BD-A935-AF7C8D8D5EEF}.Debug|x86.ActiveCfg = Debug|x86
		{D17C86CB-5F1E-40BD-A935-AF7C8D8D5EEF}.Deploy|Any CPU.ActiveCfg = Debug|x86
		{D17C86CB-5F1E-40BD-A935-AF7C8D8D5EEF}.Deploy|x64.ActiveCfg = Release|x86
		{D17C86CB-5F1E-40BD-A935-AF7C8D8D5EEF}.Deploy|x64.Build.0 = Release|x86
		{D17C86CB-5F1E-40BD-A935-AF7C8D8D5EEF}.Deploy|x86.ActiveCfg = Release|x86
		{D17C86CB-5F1E-40BD-A935-AF7C8D8D5EEF}.Deploy|x86.Build.0 = Release|x86
		{D17C86CB-5F1E-40BD-A935-AF7C8D8D5EEF}.Release|Any CPU.ActiveCfg = Release|x86
		{D17C86CB-5F1E-40BD-A935-AF7C8D8D5EEF}.Release|Any CPU.Build.0 = Release|x86
		{D17C86CB-5F1E-40BD-A935-AF7C8D8D5EEF}.Release|x64.ActiveCfg = Release|x64
		{D17C86CB-5F1E-40BD-A935-AF7C8D8D5EEF}.Release|x86.ActiveCfg = Release|x86
		{41A22A7F-9A27-4F20-BDA6-A8C81C6F8A3C}.Debug|Any CPU.ActiveCfg = Debug|Any CPU
		{41A22A7F-9A27-4F20-BDA6-A8C81C6F8A3C}.Debug|x64.ActiveCfg = Debug|Any CPU
		{41A22A7F-9A27-4F20-BDA6-A8C81C6F8A3C}.Debug|x86.ActiveCfg = Debug|Any CPU
		{41A22A7F-9A27-4F20-BDA6-A8C81C6F8A3C}.Debug|x86.Build.0 = Debug|Any CPU
		{41A22A7F-9A27-4F20-BDA6-A8C81C6F8A3C}.Deploy|Any CPU.ActiveCfg = Debug|Any CPU
		{41A22A7F-9A27-4F20-BDA6-A8C81C6F8A3C}.Deploy|x64.ActiveCfg = Debug|Any CPU
		{41A22A7F-9A27-4F20-BDA6-A8C81C6F8A3C}.Deploy|x86.ActiveCfg = Debug|Any CPU
		{41A22A7F-9A27-4F20-BDA6-A8C81C6F8A3C}.Release|Any CPU.ActiveCfg = Release|Any CPU
		{41A22A7F-9A27-4F20-BDA6-A8C81C6F8A3C}.Release|x64.ActiveCfg = Release|Any CPU
		{41A22A7F-9A27-4F20-BDA6-A8C81C6F8A3C}.Release|x86.ActiveCfg = Release|Any CPU
		{D36CBD27-8779-4B95-A311-81A3AB5BF6B7}.Debug|Any CPU.ActiveCfg = Debug|x86
		{D36CBD27-8779-4B95-A311-81A3AB5BF6B7}.Debug|Any CPU.Build.0 = Debug|x86
		{D36CBD27-8779-4B95-A311-81A3AB5BF6B7}.Debug|x64.ActiveCfg = Debug|x64
		{D36CBD27-8779-4B95-A311-81A3AB5BF6B7}.Debug|x64.Build.0 = Debug|x64
		{D36CBD27-8779-4B95-A311-81A3AB5BF6B7}.Debug|x86.ActiveCfg = Debug|x86
		{D36CBD27-8779-4B95-A311-81A3AB5BF6B7}.Debug|x86.Build.0 = Debug|x86
		{D36CBD27-8779-4B95-A311-81A3AB5BF6B7}.Deploy|Any CPU.ActiveCfg = Debug|x86
		{D36CBD27-8779-4B95-A311-81A3AB5BF6B7}.Deploy|x64.ActiveCfg = Release|x64
		{D36CBD27-8779-4B95-A311-81A3AB5BF6B7}.Deploy|x64.Build.0 = Release|x64
		{D36CBD27-8779-4B95-A311-81A3AB5BF6B7}.Deploy|x86.ActiveCfg = Release|x86
		{D36CBD27-8779-4B95-A311-81A3AB5BF6B7}.Deploy|x86.Build.0 = Release|x86
		{D36CBD27-8779-4B95-A311-81A3AB5BF6B7}.Release|Any CPU.ActiveCfg = Release|x86
		{D36CBD27-8779-4B95-A311-81A3AB5BF6B7}.Release|Any CPU.Build.0 = Release|x86
		{D36CBD27-8779-4B95-A311-81A3AB5BF6B7}.Release|x64.ActiveCfg = Release|x64
		{D36CBD27-8779-4B95-A311-81A3AB5BF6B7}.Release|x64.Build.0 = Release|x64
		{D36CBD27-8779-4B95-A311-81A3AB5BF6B7}.Release|x86.ActiveCfg = Release|x86
		{D36CBD27-8779-4B95-A311-81A3AB5BF6B7}.Release|x86.Build.0 = Release|x86
		{9DB19225-B645-4CBB-AC98-5FAEE58DB517}.Debug|Any CPU.ActiveCfg = Debug|x86
		{9DB19225-B645-4CBB-AC98-5FAEE58DB517}.Debug|Any CPU.Build.0 = Debug|x86
		{9DB19225-B645-4CBB-AC98-5FAEE58DB517}.Debug|x64.ActiveCfg = Debug|x64
		{9DB19225-B645-4CBB-AC98-5FAEE58DB517}.Debug|x64.Build.0 = Debug|x64
		{9DB19225-B645-4CBB-AC98-5FAEE58DB517}.Debug|x86.ActiveCfg = Debug|x86
		{9DB19225-B645-4CBB-AC98-5FAEE58DB517}.Debug|x86.Build.0 = Debug|x86
		{9DB19225-B645-4CBB-AC98-5FAEE58DB517}.Deploy|Any CPU.ActiveCfg = Debug|x86
		{9DB19225-B645-4CBB-AC98-5FAEE58DB517}.Deploy|x64.ActiveCfg = Release|x64
		{9DB19225-B645-4CBB-AC98-5FAEE58DB517}.Deploy|x64.Build.0 = Release|x64
		{9DB19225-B645-4CBB-AC98-5FAEE58DB517}.Deploy|x86.ActiveCfg = Release|x86
		{9DB19225-B645-4CBB-AC98-5FAEE58DB517}.Deploy|x86.Build.0 = Release|x86
		{9DB19225-B645-4CBB-AC98-5FAEE58DB517}.Release|Any CPU.ActiveCfg = Release|x86
		{9DB19225-B645-4CBB-AC98-5FAEE58DB517}.Release|Any CPU.Build.0 = Release|x86
		{9DB19225-B645-4CBB-AC98-5FAEE58DB517}.Release|x64.ActiveCfg = Release|x64
		{9DB19225-B645-4CBB-AC98-5FAEE58DB517}.Release|x64.Build.0 = Release|x64
		{9DB19225-B645-4CBB-AC98-5FAEE58DB517}.Release|x86.ActiveCfg = Release|x86
		{9DB19225-B645-4CBB-AC98-5FAEE58DB517}.Release|x86.Build.0 = Release|x86
		{E5CD33BB-555C-4206-9329-B58D24960749}.Debug|Any CPU.ActiveCfg = Debug|x86
		{E5CD33BB-555C-4206-9329-B58D24960749}.Debug|Any CPU.Build.0 = Debug|x86
		{E5CD33BB-555C-4206-9329-B58D24960749}.Debug|x64.ActiveCfg = Debug|x64
		{E5CD33BB-555C-4206-9329-B58D24960749}.Debug|x64.Build.0 = Debug|x64
		{E5CD33BB-555C-4206-9329-B58D24960749}.Debug|x86.ActiveCfg = Debug|x86
		{E5CD33BB-555C-4206-9329-B58D24960749}.Debug|x86.Build.0 = Debug|x86
		{E5CD33BB-555C-4206-9329-B58D24960749}.Deploy|Any CPU.ActiveCfg = Debug|x86
		{E5CD33BB-555C-4206-9329-B58D24960749}.Deploy|x64.ActiveCfg = Release|x64
		{E5CD33BB-555C-4206-9329-B58D24960749}.Deploy|x64.Build.0 = Release|x64
		{E5CD33BB-555C-4206-9329-B58D24960749}.Deploy|x86.ActiveCfg = Release|x86
		{E5CD33BB-555C-4206-9329-B58D24960749}.Deploy|x86.Build.0 = Release|x86
		{E5CD33BB-555C-4206-9329-B58D24960749}.Release|Any CPU.ActiveCfg = Release|x86
		{E5CD33BB-555C-4206-9329-B58D24960749}.Release|Any CPU.Build.0 = Release|x86
		{E5CD33BB-555C-4206-9329-B58D24960749}.Release|x64.ActiveCfg = Release|x64
		{E5CD33BB-555C-4206-9329-B58D24960749}.Release|x64.Build.0 = Release|x64
		{E5CD33BB-555C-4206-9329-B58D24960749}.Release|x86.ActiveCfg = Release|x86
		{E5CD33BB-555C-4206-9329-B58D24960749}.Release|x86.Build.0 = Release|x86
		{BA0E785E-42DB-488A-97A6-B7E294886E00}.Debug|Any CPU.ActiveCfg = Debug|x86
		{BA0E785E-42DB-488A-97A6-B7E294886E00}.Debug|Any CPU.Build.0 = Debug|x86
		{BA0E785E-42DB-488A-97A6-B7E294886E00}.Debug|x64.ActiveCfg = Debug|x64
		{BA0E785E-42DB-488A-97A6-B7E294886E00}.Debug|x64.Build.0 = Debug|x64
		{BA0E785E-42DB-488A-97A6-B7E294886E00}.Debug|x86.ActiveCfg = Debug|x86
		{BA0E785E-42DB-488A-97A6-B7E294886E00}.Debug|x86.Build.0 = Debug|x86
		{BA0E785E-42DB-488A-97A6-B7E294886E00}.Deploy|Any CPU.ActiveCfg = Debug|x86
		{BA0E785E-42DB-488A-97A6-B7E294886E00}.Deploy|x64.ActiveCfg = Release|x64
		{BA0E785E-42DB-488A-97A6-B7E294886E00}.Deploy|x64.Build.0 = Release|x64
		{BA0E785E-42DB-488A-97A6-B7E294886E00}.Deploy|x86.ActiveCfg = Release|x86
		{BA0E785E-42DB-488A-97A6-B7E294886E00}.Deploy|x86.Build.0 = Release|x86
		{BA0E785E-42DB-488A-97A6-B7E294886E00}.Release|Any CPU.ActiveCfg = Release|x86
		{BA0E785E-42DB-488A-97A6-B7E294886E00}.Release|Any CPU.Build.0 = Release|x86
		{BA0E785E-42DB-488A-97A6-B7E294886E00}.Release|x64.ActiveCfg = Release|x64
		{BA0E785E-42DB-488A-97A6-B7E294886E00}.Release|x64.Build.0 = Release|x64
		{BA0E785E-42DB-488A-97A6-B7E294886E00}.Release|x86.ActiveCfg = Release|x86
		{BA0E785E-42DB-488A-97A6-B7E294886E00}.Release|x86.Build.0 = Release|x86
		{1B058920-24B4-4140-8AE7-C8C6C38CA52D}.Debug|Any CPU.ActiveCfg = Debug|x86
		{1B058920-24B4-4140-8AE7-C8C6C38CA52D}.Debug|Any CPU.Build.0 = Debug|x86
		{1B058920-24B4-4140-8AE7-C8C6C38CA52D}.Debug|x64.ActiveCfg = Debug|x64
		{1B058920-24B4-4140-8AE7-C8C6C38CA52D}.Debug|x64.Build.0 = Debug|x64
		{1B058920-24B4-4140-8AE7-C8C6C38CA52D}.Debug|x86.ActiveCfg = Debug|x86
		{1B058920-24B4-4140-8AE7-C8C6C38CA52D}.Debug|x86.Build.0 = Debug|x86
		{1B058920-24B4-4140-8AE7-C8C6C38CA52D}.Deploy|Any CPU.ActiveCfg = Debug|x86
		{1B058920-24B4-4140-8AE7-C8C6C38CA52D}.Deploy|x64.ActiveCfg = Debug|x64
		{1B058920-24B4-4140-8AE7-C8C6C38CA52D}.Deploy|x64.Build.0 = Debug|x64
		{1B058920-24B4-4140-8AE7-C8C6C38CA52D}.Deploy|x86.ActiveCfg = Debug|x86
		{1B058920-24B4-4140-8AE7-C8C6C38CA52D}.Deploy|x86.Build.0 = Debug|x86
		{1B058920-24B4-4140-8AE7-C8C6C38CA52D}.Release|Any CPU.ActiveCfg = Release|Any CPU
		{1B058920-24B4-4140-8AE7-C8C6C38CA52D}.Release|Any CPU.Build.0 = Release|Any CPU
		{1B058920-24B4-4140-8AE7-C8C6C38CA52D}.Release|x64.ActiveCfg = Release|x64
		{1B058920-24B4-4140-8AE7-C8C6C38CA52D}.Release|x64.Build.0 = Release|x64
		{1B058920-24B4-4140-8AE7-C8C6C38CA52D}.Release|x86.ActiveCfg = Release|x86
		{1B058920-24B4-4140-8AE7-C8C6C38CA52D}.Release|x86.Build.0 = Release|x86
		{D5A1DC62-D729-4926-9C05-B60E80D49F55}.Debug|Any CPU.ActiveCfg = Debug|x86
		{D5A1DC62-D729-4926-9C05-B60E80D49F55}.Debug|Any CPU.Build.0 = Debug|x86
		{D5A1DC62-D729-4926-9C05-B60E80D49F55}.Debug|x64.ActiveCfg = Debug|x64
		{D5A1DC62-D729-4926-9C05-B60E80D49F55}.Debug|x64.Build.0 = Debug|x64
		{D5A1DC62-D729-4926-9C05-B60E80D49F55}.Debug|x86.ActiveCfg = Debug|x86
		{D5A1DC62-D729-4926-9C05-B60E80D49F55}.Debug|x86.Build.0 = Debug|x86
		{D5A1DC62-D729-4926-9C05-B60E80D49F55}.Deploy|Any CPU.ActiveCfg = Debug|x86
		{D5A1DC62-D729-4926-9C05-B60E80D49F55}.Deploy|x64.ActiveCfg = Debug|x64
		{D5A1DC62-D729-4926-9C05-B60E80D49F55}.Deploy|x64.Build.0 = Debug|x64
		{D5A1DC62-D729-4926-9C05-B60E80D49F55}.Deploy|x86.ActiveCfg = Debug|x86
		{D5A1DC62-D729-4926-9C05-B60E80D49F55}.Deploy|x86.Build.0 = Debug|x86
		{D5A1DC62-D729-4926-9C05-B60E80D49F55}.Release|Any CPU.ActiveCfg = Release|x86
		{D5A1DC62-D729-4926-9C05-B60E80D49F55}.Release|Any CPU.Build.0 = Release|x86
		{D5A1DC62-D729-4926-9C05-B60E80D49F55}.Release|x64.ActiveCfg = Release|x64
		{D5A1DC62-D729-4926-9C05-B60E80D49F55}.Release|x64.Build.0 = Release|x64
		{D5A1DC62-D729-4926-9C05-B60E80D49F55}.Release|x86.ActiveCfg = Release|x86
		{D5A1DC62-D729-4926-9C05-B60E80D49F55}.Release|x86.Build.0 = Release|x86
		{C37507B2-07BE-4E8E-A4F9-88A344CB31CE}.Debug|Any CPU.ActiveCfg = Debug|x86
		{C37507B2-07BE-4E8E-A4F9-88A344CB31CE}.Debug|Any CPU.Build.0 = Debug|x86
		{C37507B2-07BE-4E8E-A4F9-88A344CB31CE}.Debug|x64.ActiveCfg = Debug|x64
		{C37507B2-07BE-4E8E-A4F9-88A344CB31CE}.Debug|x64.Build.0 = Debug|x64
		{C37507B2-07BE-4E8E-A4F9-88A344CB31CE}.Debug|x86.ActiveCfg = Debug|x86
		{C37507B2-07BE-4E8E-A4F9-88A344CB31CE}.Debug|x86.Build.0 = Debug|x86
		{C37507B2-07BE-4E8E-A4F9-88A344CB31CE}.Deploy|Any CPU.ActiveCfg = Debug|x86
		{C37507B2-07BE-4E8E-A4F9-88A344CB31CE}.Deploy|x64.ActiveCfg = Debug|x64
		{C37507B2-07BE-4E8E-A4F9-88A344CB31CE}.Deploy|x64.Build.0 = Debug|x64
		{C37507B2-07BE-4E8E-A4F9-88A344CB31CE}.Deploy|x86.ActiveCfg = Debug|x86
		{C37507B2-07BE-4E8E-A4F9-88A344CB31CE}.Deploy|x86.Build.0 = Debug|x86
		{C37507B2-07BE-4E8E-A4F9-88A344CB31CE}.Release|Any CPU.ActiveCfg = Release|x86
		{C37507B2-07BE-4E8E-A4F9-88A344CB31CE}.Release|Any CPU.Build.0 = Release|x86
		{C37507B2-07BE-4E8E-A4F9-88A344CB31CE}.Release|x64.ActiveCfg = Release|x64
		{C37507B2-07BE-4E8E-A4F9-88A344CB31CE}.Release|x64.Build.0 = Release|x64
		{C37507B2-07BE-4E8E-A4F9-88A344CB31CE}.Release|x86.ActiveCfg = Release|x86
		{C37507B2-07BE-4E8E-A4F9-88A344CB31CE}.Release|x86.Build.0 = Release|x86
		{BDB6552C-20CC-4DD7-9253-F953EFFC9D63}.Debug|Any CPU.ActiveCfg = Debug|x86
		{BDB6552C-20CC-4DD7-9253-F953EFFC9D63}.Debug|Any CPU.Build.0 = Debug|x86
		{BDB6552C-20CC-4DD7-9253-F953EFFC9D63}.Debug|x64.ActiveCfg = Debug|x64
		{BDB6552C-20CC-4DD7-9253-F953EFFC9D63}.Debug|x64.Build.0 = Debug|x64
		{BDB6552C-20CC-4DD7-9253-F953EFFC9D63}.Debug|x86.ActiveCfg = Debug|x86
		{BDB6552C-20CC-4DD7-9253-F953EFFC9D63}.Debug|x86.Build.0 = Debug|x86
		{BDB6552C-20CC-4DD7-9253-F953EFFC9D63}.Deploy|Any CPU.ActiveCfg = Debug|x86
		{BDB6552C-20CC-4DD7-9253-F953EFFC9D63}.Deploy|x64.ActiveCfg = Debug|x64
		{BDB6552C-20CC-4DD7-9253-F953EFFC9D63}.Deploy|x64.Build.0 = Debug|x64
		{BDB6552C-20CC-4DD7-9253-F953EFFC9D63}.Deploy|x86.ActiveCfg = Debug|x86
		{BDB6552C-20CC-4DD7-9253-F953EFFC9D63}.Deploy|x86.Build.0 = Debug|x86
		{BDB6552C-20CC-4DD7-9253-F953EFFC9D63}.Release|Any CPU.ActiveCfg = Release|x86
		{BDB6552C-20CC-4DD7-9253-F953EFFC9D63}.Release|Any CPU.Build.0 = Release|x86
		{BDB6552C-20CC-4DD7-9253-F953EFFC9D63}.Release|x64.ActiveCfg = Release|x64
		{BDB6552C-20CC-4DD7-9253-F953EFFC9D63}.Release|x64.Build.0 = Release|x64
		{BDB6552C-20CC-4DD7-9253-F953EFFC9D63}.Release|x86.ActiveCfg = Release|x86
		{BDB6552C-20CC-4DD7-9253-F953EFFC9D63}.Release|x86.Build.0 = Release|x86
		{3CD07F1D-39CA-4351-818C-09D237CF667E}.Debug|Any CPU.ActiveCfg = Debug|x86
		{3CD07F1D-39CA-4351-818C-09D237CF667E}.Debug|Any CPU.Build.0 = Debug|x86
		{3CD07F1D-39CA-4351-818C-09D237CF667E}.Debug|x64.ActiveCfg = Debug|x64
		{3CD07F1D-39CA-4351-818C-09D237CF667E}.Debug|x64.Build.0 = Debug|x64
		{3CD07F1D-39CA-4351-818C-09D237CF667E}.Debug|x86.ActiveCfg = Debug|x86
		{3CD07F1D-39CA-4351-818C-09D237CF667E}.Debug|x86.Build.0 = Debug|x86
		{3CD07F1D-39CA-4351-818C-09D237CF667E}.Deploy|Any CPU.ActiveCfg = Debug|x86
		{3CD07F1D-39CA-4351-818C-09D237CF667E}.Deploy|x64.ActiveCfg = Debug|x64
		{3CD07F1D-39CA-4351-818C-09D237CF667E}.Deploy|x64.Build.0 = Debug|x64
		{3CD07F1D-39CA-4351-818C-09D237CF667E}.Deploy|x86.ActiveCfg = Debug|x86
		{3CD07F1D-39CA-4351-818C-09D237CF667E}.Deploy|x86.Build.0 = Debug|x86
		{3CD07F1D-39CA-4351-818C-09D237CF667E}.Release|Any CPU.ActiveCfg = Release|x86
		{3CD07F1D-39CA-4351-818C-09D237CF667E}.Release|Any CPU.Build.0 = Release|x86
		{3CD07F1D-39CA-4351-818C-09D237CF667E}.Release|x64.ActiveCfg = Release|x64
		{3CD07F1D-39CA-4351-818C-09D237CF667E}.Release|x64.Build.0 = Release|x64
		{3CD07F1D-39CA-4351-818C-09D237CF667E}.Release|x86.ActiveCfg = Release|x86
		{3CD07F1D-39CA-4351-818C-09D237CF667E}.Release|x86.Build.0 = Release|x86
		{F00A9FD0-0335-4E84-97B4-AF01997EBA14}.Debug|Any CPU.ActiveCfg = Debug|x86
		{F00A9FD0-0335-4E84-97B4-AF01997EBA14}.Debug|Any CPU.Build.0 = Debug|x86
		{F00A9FD0-0335-4E84-97B4-AF01997EBA14}.Debug|x64.ActiveCfg = Debug|x64
		{F00A9FD0-0335-4E84-97B4-AF01997EBA14}.Debug|x64.Build.0 = Debug|x64
		{F00A9FD0-0335-4E84-97B4-AF01997EBA14}.Debug|x86.ActiveCfg = Debug|x86
		{F00A9FD0-0335-4E84-97B4-AF01997EBA14}.Debug|x86.Build.0 = Debug|x86
		{F00A9FD0-0335-4E84-97B4-AF01997EBA14}.Deploy|Any CPU.ActiveCfg = Release|x64
		{F00A9FD0-0335-4E84-97B4-AF01997EBA14}.Deploy|Any CPU.Build.0 = Release|x64
		{F00A9FD0-0335-4E84-97B4-AF01997EBA14}.Deploy|x64.ActiveCfg = Debug|x64
		{F00A9FD0-0335-4E84-97B4-AF01997EBA14}.Deploy|x64.Build.0 = Debug|x64
		{F00A9FD0-0335-4E84-97B4-AF01997EBA14}.Deploy|x86.ActiveCfg = Debug|x86
		{F00A9FD0-0335-4E84-97B4-AF01997EBA14}.Deploy|x86.Build.0 = Debug|x86
		{F00A9FD0-0335-4E84-97B4-AF01997EBA14}.Release|Any CPU.ActiveCfg = Release|x86
		{F00A9FD0-0335-4E84-97B4-AF01997EBA14}.Release|Any CPU.Build.0 = Release|x86
		{F00A9FD0-0335-4E84-97B4-AF01997EBA14}.Release|x64.ActiveCfg = Release|x64
		{F00A9FD0-0335-4E84-97B4-AF01997EBA14}.Release|x64.Build.0 = Release|x64
		{F00A9FD0-0335-4E84-97B4-AF01997EBA14}.Release|x86.ActiveCfg = Release|x86
		{F00A9FD0-0335-4E84-97B4-AF01997EBA14}.Release|x86.Build.0 = Release|x86
		{5ABABF7A-86AE-4B72-963A-864022E64DD4}.Debug|Any CPU.ActiveCfg = Debug|Any CPU
		{5ABABF7A-86AE-4B72-963A-864022E64DD4}.Debug|Any CPU.Build.0 = Debug|Any CPU
		{5ABABF7A-86AE-4B72-963A-864022E64DD4}.Debug|x64.ActiveCfg = Debug|Any CPU
		{5ABABF7A-86AE-4B72-963A-864022E64DD4}.Debug|x64.Build.0 = Debug|Any CPU
		{5ABABF7A-86AE-4B72-963A-864022E64DD4}.Debug|x86.ActiveCfg = Debug|Any CPU
		{5ABABF7A-86AE-4B72-963A-864022E64DD4}.Debug|x86.Build.0 = Debug|Any CPU
		{5ABABF7A-86AE-4B72-963A-864022E64DD4}.Deploy|Any CPU.ActiveCfg = Debug|Any CPU
		{5ABABF7A-86AE-4B72-963A-864022E64DD4}.Deploy|Any CPU.Build.0 = Debug|Any CPU
		{5ABABF7A-86AE-4B72-963A-864022E64DD4}.Deploy|x64.ActiveCfg = Debug|Any CPU
		{5ABABF7A-86AE-4B72-963A-864022E64DD4}.Deploy|x64.Build.0 = Debug|Any CPU
		{5ABABF7A-86AE-4B72-963A-864022E64DD4}.Deploy|x86.ActiveCfg = Debug|Any CPU
		{5ABABF7A-86AE-4B72-963A-864022E64DD4}.Deploy|x86.Build.0 = Debug|Any CPU
		{5ABABF7A-86AE-4B72-963A-864022E64DD4}.Release|Any CPU.ActiveCfg = Release|Any CPU
		{5ABABF7A-86AE-4B72-963A-864022E64DD4}.Release|Any CPU.Build.0 = Release|Any CPU
		{5ABABF7A-86AE-4B72-963A-864022E64DD4}.Release|x64.ActiveCfg = Release|Any CPU
		{5ABABF7A-86AE-4B72-963A-864022E64DD4}.Release|x64.Build.0 = Release|Any CPU
		{5ABABF7A-86AE-4B72-963A-864022E64DD4}.Release|x86.ActiveCfg = Release|Any CPU
		{5ABABF7A-86AE-4B72-963A-864022E64DD4}.Release|x86.Build.0 = Release|Any CPU
		{A36149B7-3811-451B-9097-74A66D255A5B}.Debug|Any CPU.ActiveCfg = Debug|Any CPU
		{A36149B7-3811-451B-9097-74A66D255A5B}.Debug|Any CPU.Build.0 = Debug|Any CPU
		{A36149B7-3811-451B-9097-74A66D255A5B}.Debug|x64.ActiveCfg = Debug|Any CPU
		{A36149B7-3811-451B-9097-74A66D255A5B}.Debug|x64.Build.0 = Debug|Any CPU
		{A36149B7-3811-451B-9097-74A66D255A5B}.Debug|x86.ActiveCfg = Debug|Any CPU
		{A36149B7-3811-451B-9097-74A66D255A5B}.Debug|x86.Build.0 = Debug|Any CPU
		{A36149B7-3811-451B-9097-74A66D255A5B}.Deploy|Any CPU.ActiveCfg = Debug|Any CPU
		{A36149B7-3811-451B-9097-74A66D255A5B}.Deploy|Any CPU.Build.0 = Debug|Any CPU
		{A36149B7-3811-451B-9097-74A66D255A5B}.Deploy|x64.ActiveCfg = Debug|Any CPU
		{A36149B7-3811-451B-9097-74A66D255A5B}.Deploy|x64.Build.0 = Debug|Any CPU
		{A36149B7-3811-451B-9097-74A66D255A5B}.Deploy|x86.ActiveCfg = Debug|Any CPU
		{A36149B7-3811-451B-9097-74A66D255A5B}.Deploy|x86.Build.0 = Debug|Any CPU
		{A36149B7-3811-451B-9097-74A66D255A5B}.Release|Any CPU.ActiveCfg = Release|Any CPU
		{A36149B7-3811-451B-9097-74A66D255A5B}.Release|Any CPU.Build.0 = Release|Any CPU
		{A36149B7-3811-451B-9097-74A66D255A5B}.Release|x64.ActiveCfg = Release|Any CPU
		{A36149B7-3811-451B-9097-74A66D255A5B}.Release|x64.Build.0 = Release|Any CPU
		{A36149B7-3811-451B-9097-74A66D255A5B}.Release|x86.ActiveCfg = Release|Any CPU
		{A36149B7-3811-451B-9097-74A66D255A5B}.Release|x86.Build.0 = Release|Any CPU
		{0CF01168-1633-425C-928A-538875D50293}.Debug|Any CPU.ActiveCfg = Debug|Any CPU
		{0CF01168-1633-425C-928A-538875D50293}.Debug|x64.ActiveCfg = Debug|Any CPU
		{0CF01168-1633-425C-928A-538875D50293}.Debug|x86.ActiveCfg = Debug|Any CPU
		{0CF01168-1633-425C-928A-538875D50293}.Deploy|Any CPU.ActiveCfg = Debug|Any CPU
		{0CF01168-1633-425C-928A-538875D50293}.Deploy|x64.ActiveCfg = Debug|Any CPU
		{0CF01168-1633-425C-928A-538875D50293}.Deploy|x86.ActiveCfg = Debug|Any CPU
		{0CF01168-1633-425C-928A-538875D50293}.Release|Any CPU.ActiveCfg = Release|Any CPU
		{0CF01168-1633-425C-928A-538875D50293}.Release|x64.ActiveCfg = Release|Any CPU
		{0CF01168-1633-425C-928A-538875D50293}.Release|x86.ActiveCfg = Release|Any CPU
		{2144BBFD-75BF-4D7A-A89C-D9CD1E20FB2A}.Debug|Any CPU.ActiveCfg = Debug|Any CPU
		{2144BBFD-75BF-4D7A-A89C-D9CD1E20FB2A}.Debug|Any CPU.Build.0 = Debug|Any CPU
		{2144BBFD-75BF-4D7A-A89C-D9CD1E20FB2A}.Debug|x64.ActiveCfg = Debug|Any CPU
		{2144BBFD-75BF-4D7A-A89C-D9CD1E20FB2A}.Debug|x64.Build.0 = Debug|Any CPU
		{2144BBFD-75BF-4D7A-A89C-D9CD1E20FB2A}.Debug|x86.ActiveCfg = Debug|Any CPU
		{2144BBFD-75BF-4D7A-A89C-D9CD1E20FB2A}.Debug|x86.Build.0 = Debug|Any CPU
		{2144BBFD-75BF-4D7A-A89C-D9CD1E20FB2A}.Deploy|Any CPU.ActiveCfg = Debug|Any CPU
		{2144BBFD-75BF-4D7A-A89C-D9CD1E20FB2A}.Deploy|Any CPU.Build.0 = Debug|Any CPU
		{2144BBFD-75BF-4D7A-A89C-D9CD1E20FB2A}.Deploy|x64.ActiveCfg = Debug|Any CPU
		{2144BBFD-75BF-4D7A-A89C-D9CD1E20FB2A}.Deploy|x64.Build.0 = Debug|Any CPU
		{2144BBFD-75BF-4D7A-A89C-D9CD1E20FB2A}.Deploy|x86.ActiveCfg = Debug|Any CPU
		{2144BBFD-75BF-4D7A-A89C-D9CD1E20FB2A}.Deploy|x86.Build.0 = Debug|Any CPU
		{2144BBFD-75BF-4D7A-A89C-D9CD1E20FB2A}.Release|Any CPU.ActiveCfg = Release|Any CPU
		{2144BBFD-75BF-4D7A-A89C-D9CD1E20FB2A}.Release|Any CPU.Build.0 = Release|Any CPU
		{2144BBFD-75BF-4D7A-A89C-D9CD1E20FB2A}.Release|x64.ActiveCfg = Release|Any CPU
		{2144BBFD-75BF-4D7A-A89C-D9CD1E20FB2A}.Release|x64.Build.0 = Release|Any CPU
		{2144BBFD-75BF-4D7A-A89C-D9CD1E20FB2A}.Release|x86.ActiveCfg = Release|Any CPU
		{2144BBFD-75BF-4D7A-A89C-D9CD1E20FB2A}.Release|x86.Build.0 = Release|Any CPU
		{B89F8840-8F78-456C-90E9-7AE6F95D9958}.Debug|Any CPU.ActiveCfg = Debug|Any CPU
		{B89F8840-8F78-456C-90E9-7AE6F95D9958}.Debug|Any CPU.Build.0 = Debug|Any CPU
		{B89F8840-8F78-456C-90E9-7AE6F95D9958}.Debug|x64.ActiveCfg = Debug|Any CPU
		{B89F8840-8F78-456C-90E9-7AE6F95D9958}.Debug|x64.Build.0 = Debug|Any CPU
		{B89F8840-8F78-456C-90E9-7AE6F95D9958}.Debug|x86.ActiveCfg = Debug|Any CPU
		{B89F8840-8F78-456C-90E9-7AE6F95D9958}.Debug|x86.Build.0 = Debug|Any CPU
		{B89F8840-8F78-456C-90E9-7AE6F95D9958}.Deploy|Any CPU.ActiveCfg = Debug|Any CPU
		{B89F8840-8F78-456C-90E9-7AE6F95D9958}.Deploy|Any CPU.Build.0 = Debug|Any CPU
		{B89F8840-8F78-456C-90E9-7AE6F95D9958}.Deploy|x64.ActiveCfg = Debug|Any CPU
		{B89F8840-8F78-456C-90E9-7AE6F95D9958}.Deploy|x64.Build.0 = Debug|Any CPU
		{B89F8840-8F78-456C-90E9-7AE6F95D9958}.Deploy|x86.ActiveCfg = Debug|Any CPU
		{B89F8840-8F78-456C-90E9-7AE6F95D9958}.Deploy|x86.Build.0 = Debug|Any CPU
		{B89F8840-8F78-456C-90E9-7AE6F95D9958}.Release|Any CPU.ActiveCfg = Release|Any CPU
		{B89F8840-8F78-456C-90E9-7AE6F95D9958}.Release|Any CPU.Build.0 = Release|Any CPU
		{B89F8840-8F78-456C-90E9-7AE6F95D9958}.Release|x64.ActiveCfg = Release|Any CPU
		{B89F8840-8F78-456C-90E9-7AE6F95D9958}.Release|x64.Build.0 = Release|Any CPU
		{B89F8840-8F78-456C-90E9-7AE6F95D9958}.Release|x86.ActiveCfg = Release|Any CPU
		{B89F8840-8F78-456C-90E9-7AE6F95D9958}.Release|x86.Build.0 = Release|Any CPU
		{2039342F-9EF2-4F94-B712-75F1E03E5A39}.Debug|Any CPU.ActiveCfg = Debug|Any CPU
		{2039342F-9EF2-4F94-B712-75F1E03E5A39}.Debug|Any CPU.Build.0 = Debug|Any CPU
		{2039342F-9EF2-4F94-B712-75F1E03E5A39}.Debug|x64.ActiveCfg = Debug|Any CPU
		{2039342F-9EF2-4F94-B712-75F1E03E5A39}.Debug|x64.Build.0 = Debug|Any CPU
		{2039342F-9EF2-4F94-B712-75F1E03E5A39}.Debug|x86.ActiveCfg = Debug|Any CPU
		{2039342F-9EF2-4F94-B712-75F1E03E5A39}.Debug|x86.Build.0 = Debug|Any CPU
		{2039342F-9EF2-4F94-B712-75F1E03E5A39}.Deploy|Any CPU.ActiveCfg = Debug|Any CPU
		{2039342F-9EF2-4F94-B712-75F1E03E5A39}.Deploy|Any CPU.Build.0 = Debug|Any CPU
		{2039342F-9EF2-4F94-B712-75F1E03E5A39}.Deploy|x64.ActiveCfg = Debug|Any CPU
		{2039342F-9EF2-4F94-B712-75F1E03E5A39}.Deploy|x64.Build.0 = Debug|Any CPU
		{2039342F-9EF2-4F94-B712-75F1E03E5A39}.Deploy|x86.ActiveCfg = Debug|Any CPU
		{2039342F-9EF2-4F94-B712-75F1E03E5A39}.Deploy|x86.Build.0 = Debug|Any CPU
		{2039342F-9EF2-4F94-B712-75F1E03E5A39}.Release|Any CPU.ActiveCfg = Release|Any CPU
		{2039342F-9EF2-4F94-B712-75F1E03E5A39}.Release|Any CPU.Build.0 = Release|Any CPU
		{2039342F-9EF2-4F94-B712-75F1E03E5A39}.Release|x64.ActiveCfg = Release|Any CPU
		{2039342F-9EF2-4F94-B712-75F1E03E5A39}.Release|x64.Build.0 = Release|Any CPU
		{2039342F-9EF2-4F94-B712-75F1E03E5A39}.Release|x86.ActiveCfg = Release|Any CPU
		{2039342F-9EF2-4F94-B712-75F1E03E5A39}.Release|x86.Build.0 = Release|Any CPU
		{7B658565-453F-490A-97B3-C77571619BF2}.Debug|Any CPU.ActiveCfg = Debug|Any CPU
		{7B658565-453F-490A-97B3-C77571619BF2}.Debug|x64.ActiveCfg = Debug|Any CPU
		{7B658565-453F-490A-97B3-C77571619BF2}.Debug|x86.ActiveCfg = Debug|Any CPU
		{7B658565-453F-490A-97B3-C77571619BF2}.Deploy|Any CPU.ActiveCfg = Debug|Any CPU
		{7B658565-453F-490A-97B3-C77571619BF2}.Deploy|x64.ActiveCfg = Debug|Any CPU
		{7B658565-453F-490A-97B3-C77571619BF2}.Deploy|x86.ActiveCfg = Debug|Any CPU
		{7B658565-453F-490A-97B3-C77571619BF2}.Release|Any CPU.ActiveCfg = Release|Any CPU
		{7B658565-453F-490A-97B3-C77571619BF2}.Release|x64.ActiveCfg = Release|Any CPU
		{7B658565-453F-490A-97B3-C77571619BF2}.Release|x86.ActiveCfg = Release|Any CPU
		{B7B4C3E0-CBD6-45CA-8777-72130935033E}.Debug|Any CPU.ActiveCfg = Debug|x86
		{B7B4C3E0-CBD6-45CA-8777-72130935033E}.Debug|Any CPU.Build.0 = Debug|x86
		{B7B4C3E0-CBD6-45CA-8777-72130935033E}.Debug|x64.ActiveCfg = Debug|x64
		{B7B4C3E0-CBD6-45CA-8777-72130935033E}.Debug|x64.Build.0 = Debug|x64
		{B7B4C3E0-CBD6-45CA-8777-72130935033E}.Debug|x86.ActiveCfg = Debug|x86
		{B7B4C3E0-CBD6-45CA-8777-72130935033E}.Debug|x86.Build.0 = Debug|x86
		{B7B4C3E0-CBD6-45CA-8777-72130935033E}.Deploy|Any CPU.ActiveCfg = Release|x86
		{B7B4C3E0-CBD6-45CA-8777-72130935033E}.Deploy|Any CPU.Build.0 = Release|x86
		{B7B4C3E0-CBD6-45CA-8777-72130935033E}.Deploy|x64.ActiveCfg = Debug|x64
		{B7B4C3E0-CBD6-45CA-8777-72130935033E}.Deploy|x64.Build.0 = Debug|x64
		{B7B4C3E0-CBD6-45CA-8777-72130935033E}.Deploy|x86.ActiveCfg = Debug|x86
		{B7B4C3E0-CBD6-45CA-8777-72130935033E}.Deploy|x86.Build.0 = Debug|x86
		{B7B4C3E0-CBD6-45CA-8777-72130935033E}.Release|Any CPU.ActiveCfg = Release|x86
		{B7B4C3E0-CBD6-45CA-8777-72130935033E}.Release|Any CPU.Build.0 = Release|x86
		{B7B4C3E0-CBD6-45CA-8777-72130935033E}.Release|x64.ActiveCfg = Release|x64
		{B7B4C3E0-CBD6-45CA-8777-72130935033E}.Release|x64.Build.0 = Release|x64
		{B7B4C3E0-CBD6-45CA-8777-72130935033E}.Release|x86.ActiveCfg = Release|x86
		{B7B4C3E0-CBD6-45CA-8777-72130935033E}.Release|x86.Build.0 = Release|x86
		{30BF3F18-B2B7-4E89-9139-B91D43C8EA21}.Debug|Any CPU.ActiveCfg = Debug|Any CPU
		{30BF3F18-B2B7-4E89-9139-B91D43C8EA21}.Debug|x64.ActiveCfg = Debug|Any CPU
		{30BF3F18-B2B7-4E89-9139-B91D43C8EA21}.Debug|x86.ActiveCfg = Debug|Any CPU
		{30BF3F18-B2B7-4E89-9139-B91D43C8EA21}.Deploy|Any CPU.ActiveCfg = Debug|Any CPU
		{30BF3F18-B2B7-4E89-9139-B91D43C8EA21}.Deploy|x64.ActiveCfg = Debug|Any CPU
		{30BF3F18-B2B7-4E89-9139-B91D43C8EA21}.Deploy|x86.ActiveCfg = Debug|Any CPU
		{30BF3F18-B2B7-4E89-9139-B91D43C8EA21}.Release|Any CPU.ActiveCfg = Release|Any CPU
		{30BF3F18-B2B7-4E89-9139-B91D43C8EA21}.Release|x64.ActiveCfg = Release|Any CPU
		{30BF3F18-B2B7-4E89-9139-B91D43C8EA21}.Release|x86.ActiveCfg = Release|Any CPU
		{14BD8F35-9E8A-4847-9579-DF4B6C20C9EC}.Debug|Any CPU.ActiveCfg = Debug|x86
		{14BD8F35-9E8A-4847-9579-DF4B6C20C9EC}.Debug|x64.ActiveCfg = Debug|x64
		{14BD8F35-9E8A-4847-9579-DF4B6C20C9EC}.Debug|x64.Build.0 = Debug|x64
		{14BD8F35-9E8A-4847-9579-DF4B6C20C9EC}.Debug|x86.ActiveCfg = Debug|x86
		{14BD8F35-9E8A-4847-9579-DF4B6C20C9EC}.Debug|x86.Build.0 = Debug|x86
		{14BD8F35-9E8A-4847-9579-DF4B6C20C9EC}.Deploy|Any CPU.ActiveCfg = Release|x86
		{14BD8F35-9E8A-4847-9579-DF4B6C20C9EC}.Deploy|Any CPU.Build.0 = Release|x86
		{14BD8F35-9E8A-4847-9579-DF4B6C20C9EC}.Deploy|x64.ActiveCfg = Debug|x64
		{14BD8F35-9E8A-4847-9579-DF4B6C20C9EC}.Deploy|x64.Build.0 = Debug|x64
		{14BD8F35-9E8A-4847-9579-DF4B6C20C9EC}.Deploy|x86.ActiveCfg = Debug|x86
		{14BD8F35-9E8A-4847-9579-DF4B6C20C9EC}.Deploy|x86.Build.0 = Debug|x86
		{14BD8F35-9E8A-4847-9579-DF4B6C20C9EC}.Release|Any CPU.ActiveCfg = Release|x86
		{14BD8F35-9E8A-4847-9579-DF4B6C20C9EC}.Release|x64.ActiveCfg = Release|x64
		{14BD8F35-9E8A-4847-9579-DF4B6C20C9EC}.Release|x64.Build.0 = Release|x64
		{14BD8F35-9E8A-4847-9579-DF4B6C20C9EC}.Release|x86.ActiveCfg = Release|x86
		{14BD8F35-9E8A-4847-9579-DF4B6C20C9EC}.Release|x86.Build.0 = Release|x86
		{AE462176-8119-47E1-B2E2-FF11BDE7F446}.Debug|Any CPU.ActiveCfg = Debug|Any CPU
		{AE462176-8119-47E1-B2E2-FF11BDE7F446}.Debug|x64.ActiveCfg = Debug|Any CPU
		{AE462176-8119-47E1-B2E2-FF11BDE7F446}.Debug|x86.ActiveCfg = Debug|Any CPU
		{AE462176-8119-47E1-B2E2-FF11BDE7F446}.Deploy|Any CPU.ActiveCfg = Debug|Any CPU
		{AE462176-8119-47E1-B2E2-FF11BDE7F446}.Deploy|x64.ActiveCfg = Debug|Any CPU
		{AE462176-8119-47E1-B2E2-FF11BDE7F446}.Deploy|x86.ActiveCfg = Debug|Any CPU
		{AE462176-8119-47E1-B2E2-FF11BDE7F446}.Release|Any CPU.ActiveCfg = Release|Any CPU
		{AE462176-8119-47E1-B2E2-FF11BDE7F446}.Release|x64.ActiveCfg = Release|Any CPU
		{AE462176-8119-47E1-B2E2-FF11BDE7F446}.Release|x86.ActiveCfg = Release|Any CPU
		{C58A715B-5C46-4136-B421-DFF6705BC75B}.Debug|Any CPU.ActiveCfg = Debug|Any CPU
		{C58A715B-5C46-4136-B421-DFF6705BC75B}.Debug|Any CPU.Build.0 = Debug|Any CPU
		{C58A715B-5C46-4136-B421-DFF6705BC75B}.Debug|x64.ActiveCfg = Debug|Any CPU
		{C58A715B-5C46-4136-B421-DFF6705BC75B}.Debug|x64.Build.0 = Debug|Any CPU
		{C58A715B-5C46-4136-B421-DFF6705BC75B}.Debug|x86.ActiveCfg = Debug|Any CPU
		{C58A715B-5C46-4136-B421-DFF6705BC75B}.Debug|x86.Build.0 = Debug|Any CPU
		{C58A715B-5C46-4136-B421-DFF6705BC75B}.Deploy|Any CPU.ActiveCfg = Debug|Any CPU
		{C58A715B-5C46-4136-B421-DFF6705BC75B}.Deploy|Any CPU.Build.0 = Debug|Any CPU
		{C58A715B-5C46-4136-B421-DFF6705BC75B}.Deploy|x64.ActiveCfg = Debug|Any CPU
		{C58A715B-5C46-4136-B421-DFF6705BC75B}.Deploy|x64.Build.0 = Debug|Any CPU
		{C58A715B-5C46-4136-B421-DFF6705BC75B}.Deploy|x86.ActiveCfg = Debug|Any CPU
		{C58A715B-5C46-4136-B421-DFF6705BC75B}.Deploy|x86.Build.0 = Debug|Any CPU
		{C58A715B-5C46-4136-B421-DFF6705BC75B}.Release|Any CPU.ActiveCfg = Release|Any CPU
		{C58A715B-5C46-4136-B421-DFF6705BC75B}.Release|Any CPU.Build.0 = Release|Any CPU
		{C58A715B-5C46-4136-B421-DFF6705BC75B}.Release|x64.ActiveCfg = Release|Any CPU
		{C58A715B-5C46-4136-B421-DFF6705BC75B}.Release|x64.Build.0 = Release|Any CPU
		{C58A715B-5C46-4136-B421-DFF6705BC75B}.Release|x86.ActiveCfg = Release|Any CPU
		{C58A715B-5C46-4136-B421-DFF6705BC75B}.Release|x86.Build.0 = Release|Any CPU
	EndGlobalSection
	GlobalSection(SolutionProperties) = preSolution
		HideSolutionNode = FALSE
	EndGlobalSection
	GlobalSection(NestedProjects) = preSolution
		{DD7C19B6-B6F3-45F5-9BBD-42E9A27C8D55} = {D45EC0C4-10B6-429C-A068-40FE0EAE8898}
		{6BE1D6DB-152C-48ED-A81C-165764D056E4} = {69AFF22E-FB75-42CF-AF1D-C7388C83BAF1}
		{42841D9A-A1B6-478D-AE91-444CBB339BB4} = {D45EC0C4-10B6-429C-A068-40FE0EAE8898}
		{19DE16B3-8D67-4A78-97DB-ED804881FB30} = {D45EC0C4-10B6-429C-A068-40FE0EAE8898}
		{46A18A55-5AE8-49CE-91CD-C7421B642E7E} = {D45EC0C4-10B6-429C-A068-40FE0EAE8898}
		{62109176-CCE6-4718-932D-B9674CAF4D64} = {D45EC0C4-10B6-429C-A068-40FE0EAE8898}
		{41A22A7F-9A27-4F20-BDA6-A8C81C6F8A3C} = {69AFF22E-FB75-42CF-AF1D-C7388C83BAF1}
		{D36CBD27-8779-4B95-A311-81A3AB5BF6B7} = {69AFF22E-FB75-42CF-AF1D-C7388C83BAF1}
		{9DB19225-B645-4CBB-AC98-5FAEE58DB517} = {D45EC0C4-10B6-429C-A068-40FE0EAE8898}
		{E5CD33BB-555C-4206-9329-B58D24960749} = {D45EC0C4-10B6-429C-A068-40FE0EAE8898}
		{D5A1DC62-D729-4926-9C05-B60E80D49F55} = {DD7C19B6-B6F3-45F5-9BBD-42E9A27C8D55}
		{C37507B2-07BE-4E8E-A4F9-88A344CB31CE} = {DD7C19B6-B6F3-45F5-9BBD-42E9A27C8D55}
		{BDB6552C-20CC-4DD7-9253-F953EFFC9D63} = {DD7C19B6-B6F3-45F5-9BBD-42E9A27C8D55}
		{3CD07F1D-39CA-4351-818C-09D237CF667E} = {DD7C19B6-B6F3-45F5-9BBD-42E9A27C8D55}
		{F00A9FD0-0335-4E84-97B4-AF01997EBA14} = {D45EC0C4-10B6-429C-A068-40FE0EAE8898}
		{5ABABF7A-86AE-4B72-963A-864022E64DD4} = {61F6461C-723E-452E-9C8A-18AE38166E9D}
		{A36149B7-3811-451B-9097-74A66D255A5B} = {61F6461C-723E-452E-9C8A-18AE38166E9D}
		{0CF01168-1633-425C-928A-538875D50293} = {B42DCA8E-CC17-4DCA-BBD3-6141CB68B8B9}
		{2144BBFD-75BF-4D7A-A89C-D9CD1E20FB2A} = {B42DCA8E-CC17-4DCA-BBD3-6141CB68B8B9}
		{10AF25B3-A394-43F6-B11C-C887C5A7842B} = {D45EC0C4-10B6-429C-A068-40FE0EAE8898}
		{7B658565-453F-490A-97B3-C77571619BF2} = {69AFF22E-FB75-42CF-AF1D-C7388C83BAF1}
		{B7B4C3E0-CBD6-45CA-8777-72130935033E} = {69AFF22E-FB75-42CF-AF1D-C7388C83BAF1}
		{30BF3F18-B2B7-4E89-9139-B91D43C8EA21} = {69AFF22E-FB75-42CF-AF1D-C7388C83BAF1}
		{14BD8F35-9E8A-4847-9579-DF4B6C20C9EC} = {69AFF22E-FB75-42CF-AF1D-C7388C83BAF1}
		{AE462176-8119-47E1-B2E2-FF11BDE7F446} = {69AFF22E-FB75-42CF-AF1D-C7388C83BAF1}
		{C58A715B-5C46-4136-B421-DFF6705BC75B} = {B42DCA8E-CC17-4DCA-BBD3-6141CB68B8B9}
	EndGlobalSection
	GlobalSection(ExtensibilityGlobals) = postSolution
		SolutionGuid = {2A6BB764-5F5A-4602-A5F3-27B4772A09F7}
	EndGlobalSection
	GlobalSection(TeamFoundationVersionControl) = preSolution
		SccNumberOfProjects = 32
		SccEnterpriseProvider = {4CA58AB2-18FA-4F8D-95D4-32DDF27D184C}
		SccTeamFoundationServer = https://cleanit.visualstudio.com/
		SccLocalPath0 = .
		SccProjectUniqueName1 = Helpers\\Helpers.csproj
		SccProjectName1 = Helpers
		SccLocalPath1 = Helpers
		SccProjectUniqueName2 = MediTermBrowser\\MediTermBrowser.csproj
		SccProjectTopLevelParentUniqueName2 = RegScoreDev.sln
		SccProjectName2 = MediTermBrowser
		SccLocalPath2 = MediTermBrowser
		SccProjectUniqueName3 = Application\\CustomTreeView\\CustomTreeView.csproj
		SccProjectTopLevelParentUniqueName3 = RegScoreDev.sln
		SccProjectName3 = Application/CustomTreeView
		SccLocalPath3 = Application\\CustomTreeView
		SccProjectUniqueName4 = Application\\RegExpLib\\RegExpLib.csproj
		SccProjectTopLevelParentUniqueName4 = RegScoreDev.sln
		SccProjectName4 = Application/RegExpLib
		SccLocalPath4 = Application\\RegExpLib
		SccProjectUniqueName5 = Application\\Ribbon\\System.Windows.Forms.Ribbon.csproj
		SccProjectTopLevelParentUniqueName5 = RegScoreDev.sln
		SccProjectName5 = Application/Ribbon
		SccLocalPath5 = Application\\Ribbon
		SccProjectUniqueName6 = Application\\RegExpProcessor\\RegExpProcessor.csproj
		SccProjectTopLevelParentUniqueName6 = RegScoreDev.sln
		SccProjectName6 = Application/RegExpProcessor
		SccLocalPath6 = Application\\RegExpProcessor
		SccProjectUniqueName7 = Application\\RegScoreCalc\\RegScoreCalc.csproj
		SccProjectTopLevelParentUniqueName7 = RegScoreDev.sln
		SccProjectName7 = Application/RegScoreCalc
		SccLocalPath7 = Application\\RegScoreCalc
		SccProjectUniqueName8 = RegExpMerge\\RegExpMerge.csproj
		SccProjectName8 = RegExpMerge
		SccLocalPath8 = RegExpMerge
		SccProjectUniqueName9 = DRTAccessFileSetup\\DRTAccessFileSetup.csproj
		SccProjectName9 = DRTAccessFileSetup
		SccLocalPath9 = DRTAccessFileSetup
		SccProjectUniqueName10 = Bootstrapper\\Bootstapper.csproj
		SccProjectName10 = Bootstrapper
		SccLocalPath10 = Bootstrapper
		SccProjectUniqueName11 = ML\\BinaryClassifier\\BinaryClassifier.pyproj
		SccProjectTopLevelParentUniqueName11 = RegScoreDev.sln
		SccProjectName11 = ML/BinaryClassifier
		SccLocalPath11 = ML\\BinaryClassifier
		SccProjectUniqueName12 = ExportDocuments\\ExportDocuments.csproj
		SccProjectName12 = ExportDocuments
		SccLocalPath12 = ExportDocuments
		SccProjectUniqueName13 = Application\\System.Drawing.Html\\System.Drawing.Html.csproj
		SccProjectName13 = Application/System.Drawing.Html
		SccLocalPath13 = Application\\System.Drawing.Html
		SccProjectUniqueName14 = DocumentsServices\\DocumentsServiceInterfaceLib\\DocumentsServiceInterfaceLib.csproj
		SccProjectTopLevelParentUniqueName14 = RegScoreDev.sln
		SccProjectName14 = DocumentsServices/DocumentsServiceInterfaceLib
		SccLocalPath14 = DocumentsServices\\DocumentsServiceInterfaceLib
		SccProjectUniqueName15 = DocumentsServices\\LocalDocumentsServiceTypes\\LocalDocumentsServiceTypes.csproj
		SccProjectTopLevelParentUniqueName15 = RegScoreDev.sln
		SccProjectName15 = DocumentsServices/LocalDocumentsServiceTypes
		SccLocalPath15 = DocumentsServices\\LocalDocumentsServiceTypes
		SccProjectUniqueName16 = DocumentsServices\\LocalDocumentsServiceLib\\LocalDocumentsServiceLib.csproj
		SccProjectTopLevelParentUniqueName16 = RegScoreDev.sln
		SccProjectName16 = DocumentsServices/LocalDocumentsServiceLib
		SccLocalPath16 = DocumentsServices\\LocalDocumentsServiceLib
		SccProjectUniqueName17 = DocumentsServices\\LocalDocumentsServiceProcess\\LocalDocumentsServiceProcess.csproj
		SccProjectTopLevelParentUniqueName17 = RegScoreDev.sln
		SccProjectName17 = DocumentsServices/LocalDocumentsServiceProcess
		SccLocalPath17 = DocumentsServices\\LocalDocumentsServiceProcess
		SccProjectUniqueName18 = ExternalSort\\ExternalSort.csproj
		SccProjectTopLevelParentUniqueName18 = RegScoreDev.sln
		SccProjectName18 = ExternalSort
		SccLocalPath18 = ExternalSort
		SccProjectUniqueName19 = MergeDocument\\msManage\\msManage.csproj
		SccProjectTopLevelParentUniqueName19 = RegScoreDev.sln
		SccProjectName19 = MergeDocument/msManage
		SccLocalPath19 = MergeDocument\\msManage
		SccProjectUniqueName20 = MergeDocument\\WaitWnd\\WaitWnd.csproj
		SccProjectTopLevelParentUniqueName20 = RegScoreDev.sln
		SccProjectName20 = MergeDocument/WaitWnd
		SccLocalPath20 = MergeDocument\\WaitWnd
		SccProjectUniqueName21 = GBA\\gba\\gba.pyproj
		SccProjectTopLevelParentUniqueName21 = RegScoreDev.sln
		SccProjectName21 = GBA/gba
		SccLocalPath21 = GBA\\gba
		SccProjectUniqueName22 = GBA\\ConvertSqliteToAccess\\ConvertSqliteToAccess.csproj
		SccProjectTopLevelParentUniqueName22 = RegScoreDev.sln
		SccProjectName22 = GBA/ConvertSqliteToAccess
		SccLocalPath22 = GBA\\ConvertSqliteToAccess
		SccProjectUniqueName23 = Application\\ScriptFunctions\\ScriptFunctionLibrary.csproj
		SccProjectName23 = Application/ScriptFunctions
		SccLocalPath23 = Application\\ScriptFunctions
		SccProjectUniqueName24 = PDFToAccess\\PDFToAccess.csproj
		SccProjectName24 = PDFToAccess
		SccLocalPath24 = PDFToAccess
		SccProjectUniqueName25 = ML\\BinaryClassifier35\\BinaryClassifier35.pyproj
		SccProjectTopLevelParentUniqueName25 = RegScoreDev.sln
		SccProjectName25 = ML/BinaryClassifier35
		SccLocalPath25 = ML\\BinaryClassifier35
		SccProjectUniqueName26 = ML\\Plumbing\\Plumbing.csproj
		SccProjectTopLevelParentUniqueName26 = RegScoreDev.sln
		SccProjectName26 = ML/Plumbing
		SccLocalPath26 = ML\\Plumbing
		SccProjectUniqueName27 = ML\\Plumbing2\\Plumbing2.csproj
		SccProjectTopLevelParentUniqueName27 = RegScoreDev.sln
		SccProjectName27 = ML/Plumbing2
		SccLocalPath27 = ML\\Plumbing2
		SccProjectUniqueName28 = ML\\Entites\\medaCy.pyproj
		SccProjectTopLevelParentUniqueName28 = RegScoreDev.sln
		SccProjectName28 = ML/Entites
		SccLocalPath28 = ML\\Entites
		SccProjectUniqueName29 = ML\\EntitiesPlumbing\\EntitiesPlumbing.csproj
		SccProjectTopLevelParentUniqueName29 = RegScoreDev.sln
		SccProjectName29 = ML/EntitiesPlumbing
		SccLocalPath29 = ML\\EntitiesPlumbing
		SccProjectUniqueName30 = ML\\spaCyEntities\\spaCyEntities.pyproj
		SccProjectTopLevelParentUniqueName30 = RegScoreDev.sln
		SccProjectName30 = ML/spaCyEntities
		SccLocalPath30 = ML\\spaCyEntities
		SccProjectUniqueName31 = GBA\\ConvertSqliteToAccessFull\\ConvertSqliteToAccessFull.csproj
		SccProjectTopLevelParentUniqueName31 = RegScoreDev.sln
		SccProjectName31 = GBA/ConvertSqliteToAccessFull
		SccLocalPath31 = GBA\\ConvertSqliteToAccessFull
	EndGlobalSection
EndGlobal
